// !$*UTF8*$!
{
	archiveVersion = 1;
	classes = {
	};
	objectVersion = 56;
	objects = {

/* Begin PBXBuildFile section */
		3B9579A9299AB4660000FC3A /* AppDelegate.swift in Sources */ = {isa = PBXBuildFile; fileRef = 3B9579A8299AB4660000FC3A /* AppDelegate.swift */; };
		3B9579AB299AB4660000FC3A /* SceneDelegate.swift in Sources */ = {isa = PBXBuildFile; fileRef = 3B9579AA299AB4660000FC3A /* SceneDelegate.swift */; };
		3B9579AD299AB4660000FC3A /* ViewController.swift in Sources */ = {isa = PBXBuildFile; fileRef = 3B9579AC299AB4660000FC3A /* ViewController.swift */; };
		3B9579B0299AB4660000FC3A /* Main.storyboard in Resources */ = {isa = PBXBuildFile; fileRef = 3B9579AE299AB4660000FC3A /* Main.storyboard */; };
		3B9579B2299AB4670000FC3A /* Assets.xcassets in Resources */ = {isa = PBXBuildFile; fileRef = 3B9579B1299AB4670000FC3A /* Assets.xcassets */; };
		3B9579B5299AB4670000FC3A /* LaunchScreen.storyboard in Resources */ = {isa = PBXBuildFile; fileRef = 3B9579B3299AB4670000FC3A /* LaunchScreen.storyboard */; };
		5C329FE3E35D090C85161C34 /* Pods_NeedleLab.framework in Frameworks */ = {isa = PBXBuildFile; fileRef = 320990D899A804B8A25F5B0C /* Pods_NeedleLab.framework */; };
/* End PBXBuildFile section */

/* Begin PBXFileReference section */
		103C8A41F7B812BD2439EA7F /* Pods-NeedleLab.release.xcconfig */ = {isa = PBXFileReference; includeInIndex = 1; lastKnownFileType = text.xcconfig; name = "Pods-NeedleLab.release.xcconfig"; path = "Target Support Files/Pods-NeedleLab/Pods-NeedleLab.release.xcconfig"; sourceTree = "<group>"; };
		320990D899A804B8A25F5B0C /* Pods_NeedleLab.framework */ = {isa = PBXFileReference; explicitFileType = wrapper.framework; includeInIndex = 0; path = Pods_NeedleLab.framework; sourceTree = BUILT_PRODUCTS_DIR; };
		370603B1C3EA0F9F52CB1457 /* Pods-NeedleLab.debug.xcconfig */ = {isa = PBXFileReference; includeInIndex = 1; lastKnownFileType = text.xcconfig; name = "Pods-NeedleLab.debug.xcconfig"; path = "Target Support Files/Pods-NeedleLab/Pods-NeedleLab.debug.xcconfig"; sourceTree = "<group>"; };
		3B9579A5299AB4660000FC3A /* NeedleLab.app */ = {isa = PBXFileReference; explicitFileType = wrapper.application; includeInIndex = 0; path = NeedleLab.app; sourceTree = BUILT_PRODUCTS_DIR; };
		3B9579A8299AB4660000FC3A /* AppDelegate.swift */ = {isa = PBXFileReference; lastKnownFileType = sourcecode.swift; path = AppDelegate.swift; sourceTree = "<group>"; };
		3B9579AA299AB4660000FC3A /* SceneDelegate.swift */ = {isa = PBXFileReference; lastKnownFileType = sourcecode.swift; path = SceneDelegate.swift; sourceTree = "<group>"; };
		3B9579AC299AB4660000FC3A /* ViewController.swift */ = {isa = PBXFileReference; lastKnownFileType = sourcecode.swift; path = ViewController.swift; sourceTree = "<group>"; };
		3B9579AF299AB4660000FC3A /* Base */ = {isa = PBXFileReference; lastKnownFileType = file.storyboard; name = Base; path = Base.lproj/Main.storyboard; sourceTree = "<group>"; };
		3B9579B1299AB4670000FC3A /* Assets.xcassets */ = {isa = PBXFileReference; lastKnownFileType = folder.assetcatalog; path = Assets.xcassets; sourceTree = "<group>"; };
		3B9579B4299AB4670000FC3A /* Base */ = {isa = PBXFileReference; lastKnownFileType = file.storyboard; name = Base; path = Base.lproj/LaunchScreen.storyboard; sourceTree = "<group>"; };
		3B9579B6299AB4670000FC3A /* Info.plist */ = {isa = PBXFileReference; lastKnownFileType = text.plist.xml; path = Info.plist; sourceTree = "<group>"; };
/* End PBXFileReference section */

/* Begin PBXFrameworksBuildPhase section */
		3B9579A2299AB4660000FC3A /* Frameworks */ = {
			isa = PBXFrameworksBuildPhase;
			buildActionMask = 2147483647;
			files = (
				5C329FE3E35D090C85161C34 /* Pods_NeedleLab.framework in Frameworks */,
			);
			runOnlyForDeploymentPostprocessing = 0;
		};
/* End PBXFrameworksBuildPhase section */

/* Begin PBXGroup section */
		3B95799C299AB4660000FC3A = {
			isa = PBXGroup;
			children = (
				3B9579A7299AB4660000FC3A /* NeedleLab */,
				3B9579A6299AB4660000FC3A /* Products */,
				3FCB2D3EAEA40138B8346A27 /* Pods */,
				89E8CDFF512423E6BAFAF585 /* Frameworks */,
			);
			sourceTree = "<group>";
		};
		3B9579A6299AB4660000FC3A /* Products */ = {
			isa = PBXGroup;
			children = (
				3B9579A5299AB4660000FC3A /* NeedleLab.app */,
			);
			name = Products;
			sourceTree = "<group>";
		};
		3B9579A7299AB4660000FC3A /* NeedleLab */ = {
			isa = PBXGroup;
			children = (
				3B9579A8299AB4660000FC3A /* AppDelegate.swift */,
				3B9579AA299AB4660000FC3A /* SceneDelegate.swift */,
				3B9579AC299AB4660000FC3A /* ViewController.swift */,
				3B9579AE299AB4660000FC3A /* Main.storyboard */,
				3B9579B1299AB4670000FC3A /* Assets.xcassets */,
				3B9579B3299AB4670000FC3A /* LaunchScreen.storyboard */,
				3B9579B6299AB4670000FC3A /* Info.plist */,
			);
			path = NeedleLab;
			sourceTree = "<group>";
		};
		3FCB2D3EAEA40138B8346A27 /* Pods */ = {
			isa = PBXGroup;
			children = (
				370603B1C3EA0F9F52CB1457 /* Pods-NeedleLab.debug.xcconfig */,
				103C8A41F7B812BD2439EA7F /* Pods-NeedleLab.release.xcconfig */,
			);
			path = Pods;
			sourceTree = "<group>";
		};
		89E8CDFF512423E6BAFAF585 /* Frameworks */ = {
			isa = PBXGroup;
			children = (
				320990D899A804B8A25F5B0C /* Pods_NeedleLab.framework */,
			);
			name = Frameworks;
			sourceTree = "<group>";
		};
/* End PBXGroup section */

/* Begin PBXNativeTarget section */
		3B9579A4299AB4660000FC3A /* NeedleLab */ = {
			isa = PBXNativeTarget;
			buildConfigurationList = 3B9579B9299AB4670000FC3A /* Build configuration list for PBXNativeTarget "NeedleLab" */;
			buildPhases = (
				0EDFDA0471DED6AC0CE3015E /* [CP] Check Pods Manifest.lock */,
				3B9579A1299AB4660000FC3A /* Sources */,
				3B9579A2299AB4660000FC3A /* Frameworks */,
				3B9579A3299AB4660000FC3A /* Resources */,
				3B9579BC299AB51A0000FC3A /* ShellScript */,
				E4A20974CD5B562281341F6B /* [CP] Embed Pods Frameworks */,
			);
			buildRules = (
			);
			dependencies = (
			);
			name = NeedleLab;
			productName = NeedleLab;
			productReference = 3B9579A5299AB4660000FC3A /* NeedleLab.app */;
			productType = "com.apple.product-type.application";
		};
/* End PBXNativeTarget section */

/* Begin PBXProject section */
		3B95799D299AB4660000FC3A /* Project object */ = {
			isa = PBXProject;
			attributes = {
				BuildIndependentTargetsInParallel = 1;
				LastSwiftUpdateCheck = 1420;
				LastUpgradeCheck = 1420;
				TargetAttributes = {
					3B9579A4299AB4660000FC3A = {
						CreatedOnToolsVersion = 14.2;
					};
				};
			};
			buildConfigurationList = 3B9579A0299AB4660000FC3A /* Build configuration list for PBXProject "NeedleLab" */;
			compatibilityVersion = "Xcode 14.0";
			developmentRegion = en;
			hasScannedForEncodings = 0;
			knownRegions = (
				en,
				Base,
			);
			mainGroup = 3B95799C299AB4660000FC3A;
			productRefGroup = 3B9579A6299AB4660000FC3A /* Products */;
			projectDirPath = "";
			projectRoot = "";
			targets = (
				3B9579A4299AB4660000FC3A /* NeedleLab */,
			);
		};
/* End PBXProject section */

/* Begin PBXResourcesBuildPhase section */
		3B9579A3299AB4660000FC3A /* Resources */ = {
			isa = PBXResourcesBuildPhase;
			buildActionMask = 2147483647;
			files = (
				3B9579B5299AB4670000FC3A /* LaunchScreen.storyboard in Resources */,
				3B9579B2299AB4670000FC3A /* Assets.xcassets in Resources */,
				3B9579B0299AB4660000FC3A /* Main.storyboard in Resources */,
			);
			runOnlyForDeploymentPostprocessing = 0;
		};
/* End PBXResourcesBuildPhase section */

/* Begin PBXShellScriptBuildPhase section */
		0EDFDA0471DED6AC0CE3015E /* [CP] Check Pods Manifest.lock */ = {
			isa = PBXShellScriptBuildPhase;
			buildActionMask = 2147483647;
			files = (
			);
			inputFileListPaths = (
			);
			inputPaths = (
				"${PODS_PODFILE_DIR_PATH}/Podfile.lock",
				"${PODS_ROOT}/Manifest.lock",
			);
			name = "[CP] Check Pods Manifest.lock";
			outputFileListPaths = (
			);
			outputPaths = (
				"$(DERIVED_FILE_DIR)/Pods-NeedleLab-checkManifestLockResult.txt",
			);
			runOnlyForDeploymentPostprocessing = 0;
			shellPath = /bin/sh;
			shellScript = "diff \"${PODS_PODFILE_DIR_PATH}/Podfile.lock\" \"${PODS_ROOT}/Manifest.lock\" > /dev/null\nif [ $? != 0 ] ; then\n    # print error to STDERR\n    echo \"error: The sandbox is not in sync with the Podfile.lock. Run 'pod install' or update your CocoaPods installation.\" >&2\n    exit 1\nfi\n# This output is used by Xcode 'outputs' to avoid re-running this script phase.\necho \"SUCCESS\" > \"${SCRIPT_OUTPUT_FILE_0}\"\n";
			showEnvVarsInLog = 0;
		};
		3B9579BC299AB51A0000FC3A /* ShellScript */ = {
			isa = PBXShellScriptBuildPhase;
			buildActionMask = 12;
			files = (
			);
			inputFileListPaths = (
			);
			inputPaths = (
			);
			outputFileListPaths = (
			);
			outputPaths = (
			);
			runOnlyForDeploymentPostprocessing = 0;
			shellPath = /bin/sh;
			shellScript = "export PATH=\"$PATH:/opt/homebrew/bin\"\n\nif which needle; then\n    SOURCEKIT_LOGGING=0 && needle generate NeedleLab/NeedleGenerated.swift NeedleLab/\nelse\n  echo \"warning: Needle not installed, download from https://github.com/uber/needle using Homebrew\"\nfi\n";
		};
		E4A20974CD5B562281341F6B /* [CP] Embed Pods Frameworks */ = {
			isa = PBXShellScriptBuildPhase;
			buildActionMask = 2147483647;
			files = (
			);
			inputFileListPaths = (
				"${PODS_ROOT}/Target Support Files/Pods-NeedleLab/Pods-NeedleLab-frameworks-${CONFIGURATION}-input-files.xcfilelist",
			);
			name = "[CP] Embed Pods Frameworks";
			outputFileListPaths = (
				"${PODS_ROOT}/Target Support Files/Pods-NeedleLab/Pods-NeedleLab-frameworks-${CONFIGURATION}-output-files.xcfilelist",
			);
			runOnlyForDeploymentPostprocessing = 0;
			shellPath = /bin/sh;
			shellScript = "\"${PODS_ROOT}/Target Support Files/Pods-NeedleLab/Pods-NeedleLab-frameworks.sh\"\n";
			showEnvVarsInLog = 0;
		};
/* End PBXShellScriptBuildPhase section */

/* Begin PBXSourcesBuildPhase section */
		3B9579A1299AB4660000FC3A /* Sources */ = {
			isa = PBXSourcesBuildPhase;
			buildActionMask = 2147483647;
			files = (
				3B9579AD299AB4660000FC3A /* ViewController.swift in Sources */,
				3B9579A9299AB4660000FC3A /* AppDelegate.swift in Sources */,
				3B9579AB299AB4660000FC3A /* SceneDelegate.swift in Sources */,
			);
			runOnlyForDeploymentPostprocessing = 0;
		};
/* End PBXSourcesBuildPhase section */

/* Begin PBXVariantGroup section */
		3B9579AE299AB4660000FC3A /* Main.storyboard */ = {
			isa = PBXVariantGroup;
			children = (
				3B9579AF299AB4660000FC3A /* Base */,
			);
			name = Main.storyboard;
			sourceTree = "<group>";
		};
		3B9579B3299AB4670000FC3A /* LaunchScreen.storyboard */ = {
			isa = PBXVariantGroup;
			children = (
				3B9579B4299AB4670000FC3A /* Base */,
			);
			name = LaunchScreen.storyboard;
			sourceTree = "<group>";
		};
/* End PBXVariantGroup section */

/* Begin XCBuildConfiguration section */
		3B9579B7299AB4670000FC3A /* Debug */ = {
			isa = XCBuildConfiguration;
			buildSettings = {
				ALWAYS_SEARCH_USER_PATHS = NO;
				CLANG_ANALYZER_NONNULL = YES;
				CLANG_ANALYZER_NUMBER_OBJECT_CONVERSION = YES_AGGRESSIVE;
				CLANG_CXX_LANGUAGE_STANDARD = "gnu++20";
				CLANG_ENABLE_MODULES = YES;
				CLANG_ENABLE_OBJC_ARC = YES;
				CLANG_ENABLE_OBJC_WEAK = YES;
				CLANG_WARN_BLOCK_CAPTURE_AUTORELEASING = YES;
				CLANG_WARN_BOOL_CONVERSION = YES;
				CLANG_WARN_COMMA = YES;
				CLANG_WARN_CONSTANT_CONVERSION = YES;
				CLANG_WARN_DEPRECATED_OBJC_IMPLEMENTATIONS = YES;
				CLANG_WARN_DIRECT_OBJC_ISA_USAGE = YES_ERROR;
				CLANG_WARN_DOCUMENTATION_COMMENTS = YES;
				CLANG_WARN_EMPTY_BODY = YES;
				CLANG_WARN_ENUM_CONVERSION = YES;
				CLANG_WARN_INFINITE_RECURSION = YES;
				CLANG_WARN_INT_CONVERSION = YES;
				CLANG_WARN_NON_LITERAL_NULL_CONVERSION = YES;
				CLANG_WARN_OBJC_IMPLICIT_RETAIN_SELF = YES;
				CLANG_WARN_OBJC_LITERAL_CONVERSION = YES;
				CLANG_WARN_OBJC_ROOT_CLASS = YES_ERROR;
				CLANG_WARN_QUOTED_INCLUDE_IN_FRAMEWORK_HEADER = YES;
				CLANG_WARN_RANGE_LOOP_ANALYSIS = YES;
				CLANG_WARN_STRICT_PROTOTYPES = YES;
				CLANG_WARN_SUSPICIOUS_MOVE = YES;
				CLANG_WARN_UNGUARDED_AVAILABILITY = YES_AGGRESSIVE;
				CLANG_WARN_UNREACHABLE_CODE = YES;
				CLANG_WARN__DUPLICATE_METHOD_MATCH = YES;
				COPY_PHASE_STRIP = NO;
				DEBUG_INFORMATION_FORMAT = dwarf;
				ENABLE_STRICT_OBJC_MSGSEND = YES;
				ENABLE_TESTABILITY = YES;
				GCC_C_LANGUAGE_STANDARD = gnu11;
				GCC_DYNAMIC_NO_PIC = NO;
				GCC_NO_COMMON_BLOCKS = YES;
				GCC_OPTIMIZATION_LEVEL = 0;
				GCC_PREPROCESSOR_DEFINITIONS = (
					"DEBUG=1",
					"$(inherited)",
				);
				GCC_WARN_64_TO_32_BIT_CONVERSION = YES;
				GCC_WARN_ABOUT_RETURN_TYPE = YES_ERROR;
				GCC_WARN_UNDECLARED_SELECTOR = YES;
				GCC_WARN_UNINITIALIZED_AUTOS = YES_AGGRESSIVE;
				GCC_WARN_UNUSED_FUNCTION = YES;
				GCC_WARN_UNUSED_VARIABLE = YES;
				IPHONEOS_DEPLOYMENT_TARGET = 16.2;
				MTL_ENABLE_DEBUG_INFO = INCLUDE_SOURCE;
				MTL_FAST_MATH = YES;
				ONLY_ACTIVE_ARCH = YES;
				SDKROOT = iphoneos;
				SWIFT_ACTIVE_COMPILATION_CONDITIONS = DEBUG;
				SWIFT_OPTIMIZATION_LEVEL = "-Onone";
			};
			name = Debug;
		};
		3B9579B8299AB4670000FC3A /* Release */ = {
			isa = XCBuildConfiguration;
			buildSettings = {
				ALWAYS_SEARCH_USER_PATHS = NO;
				CLANG_ANALYZER_NONNULL = YES;
				CLANG_ANALYZER_NUMBER_OBJECT_CONVERSION = YES_AGGRESSIVE;
				CLANG_CXX_LANGUAGE_STANDARD = "gnu++20";
				CLANG_ENABLE_MODULES = YES;
				CLANG_ENABLE_OBJC_ARC = YES;
				CLANG_ENABLE_OBJC_WEAK = YES;
				CLANG_WARN_BLOCK_CAPTURE_AUTORELEASING = YES;
				CLANG_WARN_BOOL_CONVERSION = YES;
				CLANG_WARN_COMMA = YES;
				CLANG_WARN_CONSTANT_CONVERSION = YES;
				CLANG_WARN_DEPRECATED_OBJC_IMPLEMENTATIONS = YES;
				CLANG_WARN_DIRECT_OBJC_ISA_USAGE = YES_ERROR;
				CLANG_WARN_DOCUMENTATION_COMMENTS = YES;
				CLANG_WARN_EMPTY_BODY = YES;
				CLANG_WARN_ENUM_CONVERSION = YES;
				CLANG_WARN_INFINITE_RECURSION = YES;
				CLANG_WARN_INT_CONVERSION = YES;
				CLANG_WARN_NON_LITERAL_NULL_CONVERSION = YES;
				CLANG_WARN_OBJC_IMPLICIT_RETAIN_SELF = YES;
				CLANG_WARN_OBJC_LITERAL_CONVERSION = YES;
				CLANG_WARN_OBJC_ROOT_CLASS = YES_ERROR;
				CLANG_WARN_QUOTED_INCLUDE_IN_FRAMEWORK_HEADER = YES;
				CLANG_WARN_RANGE_LOOP_ANALYSIS = YES;
				CLANG_WARN_STRICT_PROTOTYPES = YES;
				CLANG_WARN_SUSPICIOUS_MOVE = YES;
				CLANG_WARN_UNGUARDED_AVAILABILITY = YES_AGGRESSIVE;
				CLANG_WARN_UNREACHABLE_CODE = YES;
				CLANG_WARN__DUPLICATE_METHOD_MATCH = YES;
				COPY_PHASE_STRIP = NO;
				DEBUG_INFORMATION_FORMAT = "dwarf-with-dsym";
				ENABLE_NS_ASSERTIONS = NO;
				ENABLE_STRICT_OBJC_MSGSEND = YES;
				GCC_C_LANGUAGE_STANDARD = gnu11;
				GCC_NO_COMMON_BLOCKS = YES;
				GCC_WARN_64_TO_32_BIT_CONVERSION = YES;
				GCC_WARN_ABOUT_RETURN_TYPE = YES_ERROR;
				GCC_WARN_UNDECLARED_SELECTOR = YES;
				GCC_WARN_UNINITIALIZED_AUTOS = YES_AGGRESSIVE;
				GCC_WARN_UNUSED_FUNCTION = YES;
				GCC_WARN_UNUSED_VARIABLE = YES;
				IPHONEOS_DEPLOYMENT_TARGET = 16.2;
				MTL_ENABLE_DEBUG_INFO = NO;
				MTL_FAST_MATH = YES;
				SDKROOT = iphoneos;
				SWIFT_COMPILATION_MODE = wholemodule;
				SWIFT_OPTIMIZATION_LEVEL = "-O";
				VALIDATE_PRODUCT = YES;
			};
			name = Release;
		};
		3B9579BA299AB4670000FC3A /* Debug */ = {
			isa = XCBuildConfiguration;
			baseConfigurationReference = 370603B1C3EA0F9F52CB1457 /* Pods-NeedleLab.debug.xcconfig */;
			buildSettings = {
				ASSETCATALOG_COMPILER_APPICON_NAME = AppIcon;
				ASSETCATALOG_COMPILER_GLOBAL_ACCENT_COLOR_NAME = AccentColor;
				CODE_SIGN_STYLE = Automatic;
				CURRENT_PROJECT_VERSION = 1;
				DEVELOPMENT_TEAM = PUBM524397;
				GENERATE_INFOPLIST_FILE = YES;
				INFOPLIST_FILE = NeedleLab/Info.plist;
				INFOPLIST_KEY_UIApplicationSupportsIndirectInputEvents = YES;
				INFOPLIST_KEY_UILaunchStoryboardName = LaunchScreen;
				INFOPLIST_KEY_UIMainStoryboardFile = Main;
				INFOPLIST_KEY_UISupportedInterfaceOrientations_iPad = "UIInterfaceOrientationPortrait UIInterfaceOrientationPortraitUpsideDown UIInterfaceOrientationLandscapeLeft UIInterfaceOrientationLandscapeRight";
				INFOPLIST_KEY_UISupportedInterfaceOrientations_iPhone = "UIInterfaceOrientationPortrait UIInterfaceOrientationLandscapeLeft UIInterfaceOrientationLandscapeRight";
				LD_RUNPATH_SEARCH_PATHS = (
					"$(inherited)",
					"@executable_path/Frameworks",
				);
				MARKETING_VERSION = 1.0;
				PRODUCT_BUNDLE_IDENTIFIER = com.tak.NeedleLab;
				PRODUCT_NAME = "$(TARGET_NAME)";
				SWIFT_EMIT_LOC_STRINGS = YES;
				SWIFT_VERSION = 5.0;
				TARGETED_DEVICE_FAMILY = "1,2";
			};
			name = Debug;
		};
		3B9579BB299AB4670000FC3A /* Release */ = {
			isa = XCBuildConfiguration;
			baseConfigurationReference = 103C8A41F7B812BD2439EA7F /* Pods-NeedleLab.release.xcconfig */;
			buildSettings = {
				ASSETCATALOG_COMPILER_APPICON_NAME = AppIcon;
				ASSETCATALOG_COMPILER_GLOBAL_ACCENT_COLOR_NAME = AccentColor;
				CODE_SIGN_STYLE = Automatic;
				CURRENT_PROJECT_VERSION = 1;
				DEVELOPMENT_TEAM = PUBM524397;
				GENERATE_INFOPLIST_FILE = YES;
				INFOPLIST_FILE = NeedleLab/Info.plist;
				INFOPLIST_KEY_UIApplicationSupportsIndirectInputEvents = YES;
				INFOPLIST_KEY_UILaunchStoryboardName = LaunchScreen;
				INFOPLIST_KEY_UIMainStoryboardFile = Main;
				INFOPLIST_KEY_UISupportedInterfaceOrientations_iPad = "UIInterfaceOrientationPortrait UIInterfaceOrientationPortraitUpsideDown UIInterfaceOrientationLandscapeLeft UIInterfaceOrientationLandscapeRight";
				INFOPLIST_KEY_UISupportedInterfaceOrientations_iPhone = "UIInterfaceOrientationPortrait UIInterfaceOrientationLandscapeLeft UIInterfaceOrientationLandscapeRight";
				LD_RUNPATH_SEARCH_PATHS = (
					"$(inherited)",
					"@executable_path/Frameworks",
				);
				MARKETING_VERSION = 1.0;
				PRODUCT_BUNDLE_IDENTIFIER = com.tak.NeedleLab;
				PRODUCT_NAME = "$(TARGET_NAME)";
				SWIFT_EMIT_LOC_STRINGS = YES;
				SWIFT_VERSION = 5.0;
				TARGETED_DEVICE_FAMILY = "1,2";
			};
			name = Release;
		};
/* End XCBuildConfiguration section */

/* Begin XCConfigurationList section */
		3B9579A0299AB4660000FC3A /* Build configuration list for PBXProject "NeedleLab" */ = {
			isa = XCConfigurationList;
			buildConfigurations = (
				3B9579B7299AB4670000FC3A /* Debug */,
				3B9579B8299AB4670000FC3A /* Release */,
			);
			defaultConfigurationIsVisible = 0;
			defaultConfigurationName = Release;
		};
		3B9579B9299AB4670000FC3A /* Build configuration list for PBXNativeTarget "NeedleLab" */ = {
			isa = XCConfigurationList;
			buildConfigurations = (
				3B9579BA299AB4670000FC3A /* Debug */,
				3B9579BB299AB4670000FC3A /* Release */,
			);
			defaultConfigurationIsVisible = 0;
			defaultConfigurationName = Release;
		};
/* End XCConfigurationList section */
	};
	rootObject = 3B95799D299AB4660000FC3A /* Project object */;
}
